// !$*UTF8*$!
{
	archiveVersion = 1;
	classes = {
	};
	objectVersion = 46;
	objects = {

/* Begin PBXBuildFile section */
		664FB18F1A5A406B00D44B9E /* SortViewController.m in Sources */ = {isa = PBXBuildFile; fileRef = 664FB18E1A5A406B00D44B9E /* SortViewController.m */; };
		6672BE691A4A86600043E1D4 /* AFHTTPRequestOperation.m in Sources */ = {isa = PBXBuildFile; fileRef = 6672BE571A4A86600043E1D4 /* AFHTTPRequestOperation.m */; };
		6672BE6A1A4A86600043E1D4 /* AFHTTPRequestOperationManager.m in Sources */ = {isa = PBXBuildFile; fileRef = 6672BE591A4A86600043E1D4 /* AFHTTPRequestOperationManager.m */; };
		6672BE6B1A4A86600043E1D4 /* AFHTTPSessionManager.m in Sources */ = {isa = PBXBuildFile; fileRef = 6672BE5B1A4A86600043E1D4 /* AFHTTPSessionManager.m */; };
		6672BE6C1A4A86600043E1D4 /* AFNetworkReachabilityManager.m in Sources */ = {isa = PBXBuildFile; fileRef = 6672BE5E1A4A86600043E1D4 /* AFNetworkReachabilityManager.m */; };
		6672BE6D1A4A86600043E1D4 /* AFSecurityPolicy.m in Sources */ = {isa = PBXBuildFile; fileRef = 6672BE601A4A86600043E1D4 /* AFSecurityPolicy.m */; };
		6672BE6E1A4A86600043E1D4 /* AFURLConnectionOperation.m in Sources */ = {isa = PBXBuildFile; fileRef = 6672BE621A4A86600043E1D4 /* AFURLConnectionOperation.m */; };
		6672BE6F1A4A86600043E1D4 /* AFURLRequestSerialization.m in Sources */ = {isa = PBXBuildFile; fileRef = 6672BE641A4A86600043E1D4 /* AFURLRequestSerialization.m */; };
		6672BE701A4A86600043E1D4 /* AFURLResponseSerialization.m in Sources */ = {isa = PBXBuildFile; fileRef = 6672BE661A4A86600043E1D4 /* AFURLResponseSerialization.m */; };
		6672BE711A4A86600043E1D4 /* AFURLSessionManager.m in Sources */ = {isa = PBXBuildFile; fileRef = 6672BE681A4A86600043E1D4 /* AFURLSessionManager.m */; };
		6672BE731A4A87550043E1D4 /* Security.framework in Frameworks */ = {isa = PBXBuildFile; fileRef = 6672BE721A4A87550043E1D4 /* Security.framework */; };
		6672BE751A4A87640043E1D4 /* MobileCoreServices.framework in Frameworks */ = {isa = PBXBuildFile; fileRef = 6672BE741A4A87640043E1D4 /* MobileCoreServices.framework */; };
		6672BE771A4A87710043E1D4 /* SystemConfiguration.framework in Frameworks */ = {isa = PBXBuildFile; fileRef = 6672BE761A4A87710043E1D4 /* SystemConfiguration.framework */; };
		6672BE7B1A4AB9D40043E1D4 /* HttpService.m in Sources */ = {isa = PBXBuildFile; fileRef = 6672BE7A1A4AB9D40043E1D4 /* HttpService.m */; };
		6672BE7F1A4AC6D70043E1D4 /* THUCloudConfig.m in Sources */ = {isa = PBXBuildFile; fileRef = 6672BE7E1A4AC6D70043E1D4 /* THUCloudConfig.m */; };
		6672BE811A4AC8850043E1D4 /* libxml2.2.dylib in Frameworks */ = {isa = PBXBuildFile; fileRef = 6672BE801A4AC8850043E1D4 /* libxml2.2.dylib */; };
		6672BE851A4B1A370043E1D4 /* FileListViewController.m in Sources */ = {isa = PBXBuildFile; fileRef = 6672BE841A4B1A370043E1D4 /* FileListViewController.m */; };
		66B07F381A4DAE5A001C80B6 /* libxml2.dylib in Frameworks */ = {isa = PBXBuildFile; fileRef = 66B07F371A4DAE5A001C80B6 /* libxml2.dylib */; };
		66B07F401A4DB043001C80B6 /* TFHpple.m in Sources */ = {isa = PBXBuildFile; fileRef = 66B07F3B1A4DB043001C80B6 /* TFHpple.m */; };
		66B07F411A4DB043001C80B6 /* TFHppleElement.m in Sources */ = {isa = PBXBuildFile; fileRef = 66B07F3D1A4DB043001C80B6 /* TFHppleElement.m */; };
		66B07F421A4DB043001C80B6 /* XPathQuery.m in Sources */ = {isa = PBXBuildFile; fileRef = 66B07F3F1A4DB043001C80B6 /* XPathQuery.m */; };
		66B07F461A4EBD32001C80B6 /* FileListTableViewCell.m in Sources */ = {isa = PBXBuildFile; fileRef = 66B07F451A4EBD32001C80B6 /* FileListTableViewCell.m */; };
		66C468431A4B4295003A8381 /* TabManageViewController.m in Sources */ = {isa = PBXBuildFile; fileRef = 66C468421A4B4295003A8381 /* TabManageViewController.m */; };
		66C468461A4B4CBA003A8381 /* UserCenterViewController.m in Sources */ = {isa = PBXBuildFile; fileRef = 66C468451A4B4CBA003A8381 /* UserCenterViewController.m */; };
		66D4DAF21A31C1DC00A33968 /* main.m in Sources */ = {isa = PBXBuildFile; fileRef = 66D4DAF11A31C1DC00A33968 /* main.m */; };
		66D4DAF51A31C1DC00A33968 /* AppDelegate.m in Sources */ = {isa = PBXBuildFile; fileRef = 66D4DAF41A31C1DC00A33968 /* AppDelegate.m */; };
		66D4DAF81A31C1DC00A33968 /* LoginViewController.m in Sources */ = {isa = PBXBuildFile; fileRef = 66D4DAF71A31C1DC00A33968 /* LoginViewController.m */; };
		66D4DAFB1A31C1DC00A33968 /* Main.storyboard in Resources */ = {isa = PBXBuildFile; fileRef = 66D4DAF91A31C1DC00A33968 /* Main.storyboard */; };
		66D4DAFD1A31C1DC00A33968 /* Images.xcassets in Resources */ = {isa = PBXBuildFile; fileRef = 66D4DAFC1A31C1DC00A33968 /* Images.xcassets */; };
		66D4DB001A31C1DC00A33968 /* LaunchScreen.xib in Resources */ = {isa = PBXBuildFile; fileRef = 66D4DAFE1A31C1DC00A33968 /* LaunchScreen.xib */; };
		66D4DB0C1A31C1DC00A33968 /* THUCloudTests.m in Sources */ = {isa = PBXBuildFile; fileRef = 66D4DB0B1A31C1DC00A33968 /* THUCloudTests.m */; };
		66EDB2CB1A67B75700D23F02 /* RootNavigationController.m in Sources */ = {isa = PBXBuildFile; fileRef = 66EDB2CA1A67B75700D23F02 /* RootNavigationController.m */; };
		66EDB2D01A68014B00D23F02 /* FXForms.m in Sources */ = {isa = PBXBuildFile; fileRef = 66EDB2CF1A68014B00D23F02 /* FXForms.m */; };
		66EDB2D31A68FB5D00D23F02 /* RegisterViewController.m in Sources */ = {isa = PBXBuildFile; fileRef = 66EDB2D21A68FB5D00D23F02 /* RegisterViewController.m */; };
		66EDB2D61A698D3800D23F02 /* THUCloudUtils.m in Sources */ = {isa = PBXBuildFile; fileRef = 66EDB2D51A698D3800D23F02 /* THUCloudUtils.m */; };
		66EDB2DA1A6A2A3200D23F02 /* MBProgressHUD.m in Sources */ = {isa = PBXBuildFile; fileRef = 66EDB2D91A6A2A3200D23F02 /* MBProgressHUD.m */; };
		66EDB2DD1A6A799D00D23F02 /* LocalFileListViewController.m in Sources */ = {isa = PBXBuildFile; fileRef = 66EDB2DC1A6A799D00D23F02 /* LocalFileListViewController.m */; };
/* End PBXBuildFile section */

/* Begin PBXContainerItemProxy section */
		66D4DB061A31C1DC00A33968 /* PBXContainerItemProxy */ = {
			isa = PBXContainerItemProxy;
			containerPortal = 66D4DAE41A31C1DC00A33968 /* Project object */;
			proxyType = 1;
			remoteGlobalIDString = 66D4DAEB1A31C1DC00A33968;
			remoteInfo = THUCloud;
		};
/* End PBXContainerItemProxy section */

/* Begin PBXFileReference section */
		664FB18D1A5A406B00D44B9E /* SortViewController.h */ = {isa = PBXFileReference; fileEncoding = 4; lastKnownFileType = sourcecode.c.h; path = SortViewController.h; sourceTree = "<group>"; };
		664FB18E1A5A406B00D44B9E /* SortViewController.m */ = {isa = PBXFileReference; fileEncoding = 4; lastKnownFileType = sourcecode.c.objc; path = SortViewController.m; sourceTree = "<group>"; };
		6672BE561A4A86600043E1D4 /* AFHTTPRequestOperation.h */ = {isa = PBXFileReference; fileEncoding = 4; lastKnownFileType = sourcecode.c.h; path = AFHTTPRequestOperation.h; sourceTree = "<group>"; };
		6672BE571A4A86600043E1D4 /* AFHTTPRequestOperation.m */ = {isa = PBXFileReference; fileEncoding = 4; lastKnownFileType = sourcecode.c.objc; path = AFHTTPRequestOperation.m; sourceTree = "<group>"; };
		6672BE581A4A86600043E1D4 /* AFHTTPRequestOperationManager.h */ = {isa = PBXFileReference; fileEncoding = 4; lastKnownFileType = sourcecode.c.h; path = AFHTTPRequestOperationManager.h; sourceTree = "<group>"; };
		6672BE591A4A86600043E1D4 /* AFHTTPRequestOperationManager.m */ = {isa = PBXFileReference; fileEncoding = 4; lastKnownFileType = sourcecode.c.objc; path = AFHTTPRequestOperationManager.m; sourceTree = "<group>"; };
		6672BE5A1A4A86600043E1D4 /* AFHTTPSessionManager.h */ = {isa = PBXFileReference; fileEncoding = 4; lastKnownFileType = sourcecode.c.h; path = AFHTTPSessionManager.h; sourceTree = "<group>"; };
		6672BE5B1A4A86600043E1D4 /* AFHTTPSessionManager.m */ = {isa = PBXFileReference; fileEncoding = 4; lastKnownFileType = sourcecode.c.objc; path = AFHTTPSessionManager.m; sourceTree = "<group>"; };
		6672BE5C1A4A86600043E1D4 /* AFNetworking.h */ = {isa = PBXFileReference; fileEncoding = 4; lastKnownFileType = sourcecode.c.h; path = AFNetworking.h; sourceTree = "<group>"; };
		6672BE5D1A4A86600043E1D4 /* AFNetworkReachabilityManager.h */ = {isa = PBXFileReference; fileEncoding = 4; lastKnownFileType = sourcecode.c.h; path = AFNetworkReachabilityManager.h; sourceTree = "<group>"; };
		6672BE5E1A4A86600043E1D4 /* AFNetworkReachabilityManager.m */ = {isa = PBXFileReference; fileEncoding = 4; lastKnownFileType = sourcecode.c.objc; path = AFNetworkReachabilityManager.m; sourceTree = "<group>"; };
		6672BE5F1A4A86600043E1D4 /* AFSecurityPolicy.h */ = {isa = PBXFileReference; fileEncoding = 4; lastKnownFileType = sourcecode.c.h; path = AFSecurityPolicy.h; sourceTree = "<group>"; };
		6672BE601A4A86600043E1D4 /* AFSecurityPolicy.m */ = {isa = PBXFileReference; fileEncoding = 4; lastKnownFileType = sourcecode.c.objc; path = AFSecurityPolicy.m; sourceTree = "<group>"; };
		6672BE611A4A86600043E1D4 /* AFURLConnectionOperation.h */ = {isa = PBXFileReference; fileEncoding = 4; lastKnownFileType = sourcecode.c.h; path = AFURLConnectionOperation.h; sourceTree = "<group>"; };
		6672BE621A4A86600043E1D4 /* AFURLConnectionOperation.m */ = {isa = PBXFileReference; fileEncoding = 4; lastKnownFileType = sourcecode.c.objc; path = AFURLConnectionOperation.m; sourceTree = "<group>"; };
		6672BE631A4A86600043E1D4 /* AFURLRequestSerialization.h */ = {isa = PBXFileReference; fileEncoding = 4; lastKnownFileType = sourcecode.c.h; path = AFURLRequestSerialization.h; sourceTree = "<group>"; };
		6672BE641A4A86600043E1D4 /* AFURLRequestSerialization.m */ = {isa = PBXFileReference; fileEncoding = 4; lastKnownFileType = sourcecode.c.objc; path = AFURLRequestSerialization.m; sourceTree = "<group>"; };
		6672BE651A4A86600043E1D4 /* AFURLResponseSerialization.h */ = {isa = PBXFileReference; fileEncoding = 4; lastKnownFileType = sourcecode.c.h; path = AFURLResponseSerialization.h; sourceTree = "<group>"; };
		6672BE661A4A86600043E1D4 /* AFURLResponseSerialization.m */ = {isa = PBXFileReference; fileEncoding = 4; lastKnownFileType = sourcecode.c.objc; path = AFURLResponseSerialization.m; sourceTree = "<group>"; };
		6672BE671A4A86600043E1D4 /* AFURLSessionManager.h */ = {isa = PBXFileReference; fileEncoding = 4; lastKnownFileType = sourcecode.c.h; path = AFURLSessionManager.h; sourceTree = "<group>"; };
		6672BE681A4A86600043E1D4 /* AFURLSessionManager.m */ = {isa = PBXFileReference; fileEncoding = 4; lastKnownFileType = sourcecode.c.objc; path = AFURLSessionManager.m; sourceTree = "<group>"; };
		6672BE721A4A87550043E1D4 /* Security.framework */ = {isa = PBXFileReference; lastKnownFileType = wrapper.framework; name = Security.framework; path = System/Library/Frameworks/Security.framework; sourceTree = SDKROOT; };
		6672BE741A4A87640043E1D4 /* MobileCoreServices.framework */ = {isa = PBXFileReference; lastKnownFileType = wrapper.framework; name = MobileCoreServices.framework; path = System/Library/Frameworks/MobileCoreServices.framework; sourceTree = SDKROOT; };
		6672BE761A4A87710043E1D4 /* SystemConfiguration.framework */ = {isa = PBXFileReference; lastKnownFileType = wrapper.framework; name = SystemConfiguration.framework; path = System/Library/Frameworks/SystemConfiguration.framework; sourceTree = SDKROOT; };
		6672BE791A4AB9D40043E1D4 /* HttpService.h */ = {isa = PBXFileReference; fileEncoding = 4; lastKnownFileType = sourcecode.c.h; path = HttpService.h; sourceTree = "<group>"; };
		6672BE7A1A4AB9D40043E1D4 /* HttpService.m */ = {isa = PBXFileReference; fileEncoding = 4; lastKnownFileType = sourcecode.c.objc; path = HttpService.m; sourceTree = "<group>"; };
		6672BE7D1A4AC6D70043E1D4 /* THUCloudConfig.h */ = {isa = PBXFileReference; fileEncoding = 4; lastKnownFileType = sourcecode.c.h; path = THUCloudConfig.h; sourceTree = "<group>"; };
		6672BE7E1A4AC6D70043E1D4 /* THUCloudConfig.m */ = {isa = PBXFileReference; fileEncoding = 4; lastKnownFileType = sourcecode.c.objc; path = THUCloudConfig.m; sourceTree = "<group>"; };
		6672BE801A4AC8850043E1D4 /* libxml2.2.dylib */ = {isa = PBXFileReference; lastKnownFileType = "compiled.mach-o.dylib"; name = libxml2.2.dylib; path = usr/lib/libxml2.2.dylib; sourceTree = SDKROOT; };
		6672BE831A4B1A370043E1D4 /* FileListViewController.h */ = {isa = PBXFileReference; fileEncoding = 4; lastKnownFileType = sourcecode.c.h; path = FileListViewController.h; sourceTree = "<group>"; };
		6672BE841A4B1A370043E1D4 /* FileListViewController.m */ = {isa = PBXFileReference; fileEncoding = 4; lastKnownFileType = sourcecode.c.objc; path = FileListViewController.m; sourceTree = "<group>"; };
		66B07F371A4DAE5A001C80B6 /* libxml2.dylib */ = {isa = PBXFileReference; lastKnownFileType = "compiled.mach-o.dylib"; name = libxml2.dylib; path = usr/lib/libxml2.dylib; sourceTree = SDKROOT; };
		66B07F3A1A4DB043001C80B6 /* TFHpple.h */ = {isa = PBXFileReference; fileEncoding = 4; lastKnownFileType = sourcecode.c.h; path = TFHpple.h; sourceTree = "<group>"; };
		66B07F3B1A4DB043001C80B6 /* TFHpple.m */ = {isa = PBXFileReference; fileEncoding = 4; lastKnownFileType = sourcecode.c.objc; path = TFHpple.m; sourceTree = "<group>"; };
		66B07F3C1A4DB043001C80B6 /* TFHppleElement.h */ = {isa = PBXFileReference; fileEncoding = 4; lastKnownFileType = sourcecode.c.h; path = TFHppleElement.h; sourceTree = "<group>"; };
		66B07F3D1A4DB043001C80B6 /* TFHppleElement.m */ = {isa = PBXFileReference; fileEncoding = 4; lastKnownFileType = sourcecode.c.objc; path = TFHppleElement.m; sourceTree = "<group>"; };
		66B07F3E1A4DB043001C80B6 /* XPathQuery.h */ = {isa = PBXFileReference; fileEncoding = 4; lastKnownFileType = sourcecode.c.h; path = XPathQuery.h; sourceTree = "<group>"; };
		66B07F3F1A4DB043001C80B6 /* XPathQuery.m */ = {isa = PBXFileReference; fileEncoding = 4; lastKnownFileType = sourcecode.c.objc; path = XPathQuery.m; sourceTree = "<group>"; };
		66B07F441A4EBD32001C80B6 /* FileListTableViewCell.h */ = {isa = PBXFileReference; fileEncoding = 4; lastKnownFileType = sourcecode.c.h; path = FileListTableViewCell.h; sourceTree = "<group>"; };
		66B07F451A4EBD32001C80B6 /* FileListTableViewCell.m */ = {isa = PBXFileReference; fileEncoding = 4; lastKnownFileType = sourcecode.c.objc; path = FileListTableViewCell.m; sourceTree = "<group>"; };
		66C468411A4B4295003A8381 /* TabManageViewController.h */ = {isa = PBXFileReference; fileEncoding = 4; lastKnownFileType = sourcecode.c.h; path = TabManageViewController.h; sourceTree = "<group>"; };
		66C468421A4B4295003A8381 /* TabManageViewController.m */ = {isa = PBXFileReference; fileEncoding = 4; lastKnownFileType = sourcecode.c.objc; path = TabManageViewController.m; sourceTree = "<group>"; };
		66C468441A4B4CBA003A8381 /* UserCenterViewController.h */ = {isa = PBXFileReference; fileEncoding = 4; lastKnownFileType = sourcecode.c.h; path = UserCenterViewController.h; sourceTree = "<group>"; };
		66C468451A4B4CBA003A8381 /* UserCenterViewController.m */ = {isa = PBXFileReference; fileEncoding = 4; lastKnownFileType = sourcecode.c.objc; path = UserCenterViewController.m; sourceTree = "<group>"; };
		66D4DAEC1A31C1DC00A33968 /* THUCloud.app */ = {isa = PBXFileReference; explicitFileType = wrapper.application; includeInIndex = 0; path = THUCloud.app; sourceTree = BUILT_PRODUCTS_DIR; };
		66D4DAF01A31C1DC00A33968 /* Info.plist */ = {isa = PBXFileReference; lastKnownFileType = text.plist.xml; path = Info.plist; sourceTree = "<group>"; };
		66D4DAF11A31C1DC00A33968 /* main.m */ = {isa = PBXFileReference; lastKnownFileType = sourcecode.c.objc; path = main.m; sourceTree = "<group>"; };
		66D4DAF31A31C1DC00A33968 /* AppDelegate.h */ = {isa = PBXFileReference; lastKnownFileType = sourcecode.c.h; path = AppDelegate.h; sourceTree = "<group>"; };
		66D4DAF41A31C1DC00A33968 /* AppDelegate.m */ = {isa = PBXFileReference; lastKnownFileType = sourcecode.c.objc; path = AppDelegate.m; sourceTree = "<group>"; };
		66D4DAF61A31C1DC00A33968 /* LoginViewController.h */ = {isa = PBXFileReference; lastKnownFileType = sourcecode.c.h; path = LoginViewController.h; sourceTree = "<group>"; };
		66D4DAF71A31C1DC00A33968 /* LoginViewController.m */ = {isa = PBXFileReference; lastKnownFileType = sourcecode.c.objc; path = LoginViewController.m; sourceTree = "<group>"; };
		66D4DAFA1A31C1DC00A33968 /* Base */ = {isa = PBXFileReference; lastKnownFileType = file.storyboard; name = Base; path = Base.lproj/Main.storyboard; sourceTree = "<group>"; };
		66D4DAFC1A31C1DC00A33968 /* Images.xcassets */ = {isa = PBXFileReference; lastKnownFileType = folder.assetcatalog; path = Images.xcassets; sourceTree = "<group>"; };
		66D4DAFF1A31C1DC00A33968 /* Base */ = {isa = PBXFileReference; lastKnownFileType = file.xib; name = Base; path = Base.lproj/LaunchScreen.xib; sourceTree = "<group>"; };
		66D4DB051A31C1DC00A33968 /* THUCloudTests.xctest */ = {isa = PBXFileReference; explicitFileType = wrapper.cfbundle; includeInIndex = 0; path = THUCloudTests.xctest; sourceTree = BUILT_PRODUCTS_DIR; };
		66D4DB0A1A31C1DC00A33968 /* Info.plist */ = {isa = PBXFileReference; lastKnownFileType = text.plist.xml; path = Info.plist; sourceTree = "<group>"; };
		66D4DB0B1A31C1DC00A33968 /* THUCloudTests.m */ = {isa = PBXFileReference; lastKnownFileType = sourcecode.c.objc; path = THUCloudTests.m; sourceTree = "<group>"; };
		66EDB2C91A67B75700D23F02 /* RootNavigationController.h */ = {isa = PBXFileReference; fileEncoding = 4; lastKnownFileType = sourcecode.c.h; path = RootNavigationController.h; sourceTree = "<group>"; };
		66EDB2CA1A67B75700D23F02 /* RootNavigationController.m */ = {isa = PBXFileReference; fileEncoding = 4; lastKnownFileType = sourcecode.c.objc; path = RootNavigationController.m; sourceTree = "<group>"; };
		66EDB2CE1A68014B00D23F02 /* FXForms.h */ = {isa = PBXFileReference; fileEncoding = 4; lastKnownFileType = sourcecode.c.h; path = FXForms.h; sourceTree = "<group>"; };
		66EDB2CF1A68014B00D23F02 /* FXForms.m */ = {isa = PBXFileReference; fileEncoding = 4; lastKnownFileType = sourcecode.c.objc; path = FXForms.m; sourceTree = "<group>"; };
		66EDB2D11A68FB5D00D23F02 /* RegisterViewController.h */ = {isa = PBXFileReference; fileEncoding = 4; lastKnownFileType = sourcecode.c.h; path = RegisterViewController.h; sourceTree = "<group>"; };
		66EDB2D21A68FB5D00D23F02 /* RegisterViewController.m */ = {isa = PBXFileReference; fileEncoding = 4; lastKnownFileType = sourcecode.c.objc; path = RegisterViewController.m; sourceTree = "<group>"; };
		66EDB2D41A698D3800D23F02 /* THUCloudUtils.h */ = {isa = PBXFileReference; fileEncoding = 4; lastKnownFileType = sourcecode.c.h; path = THUCloudUtils.h; sourceTree = "<group>"; };
		66EDB2D51A698D3800D23F02 /* THUCloudUtils.m */ = {isa = PBXFileReference; fileEncoding = 4; lastKnownFileType = sourcecode.c.objc; path = THUCloudUtils.m; sourceTree = "<group>"; };
		66EDB2D81A6A2A3200D23F02 /* MBProgressHUD.h */ = {isa = PBXFileReference; fileEncoding = 4; lastKnownFileType = sourcecode.c.h; path = MBProgressHUD.h; sourceTree = "<group>"; };
		66EDB2D91A6A2A3200D23F02 /* MBProgressHUD.m */ = {isa = PBXFileReference; fileEncoding = 4; lastKnownFileType = sourcecode.c.objc; path = MBProgressHUD.m; sourceTree = "<group>"; };
		66EDB2DB1A6A799D00D23F02 /* LocalFileListViewController.h */ = {isa = PBXFileReference; fileEncoding = 4; lastKnownFileType = sourcecode.c.h; path = LocalFileListViewController.h; sourceTree = "<group>"; };
		66EDB2DC1A6A799D00D23F02 /* LocalFileListViewController.m */ = {isa = PBXFileReference; fileEncoding = 4; lastKnownFileType = sourcecode.c.objc; path = LocalFileListViewController.m; sourceTree = "<group>"; };
/* End PBXFileReference section */

/* Begin PBXFrameworksBuildPhase section */
		66D4DAE91A31C1DC00A33968 /* Frameworks */ = {
			isa = PBXFrameworksBuildPhase;
			buildActionMask = 2147483647;
			files = (
				66B07F381A4DAE5A001C80B6 /* libxml2.dylib in Frameworks */,
				6672BE811A4AC8850043E1D4 /* libxml2.2.dylib in Frameworks */,
				6672BE771A4A87710043E1D4 /* SystemConfiguration.framework in Frameworks */,
				6672BE751A4A87640043E1D4 /* MobileCoreServices.framework in Frameworks */,
				6672BE731A4A87550043E1D4 /* Security.framework in Frameworks */,
			);
			runOnlyForDeploymentPostprocessing = 0;
		};
		66D4DB021A31C1DC00A33968 /* Frameworks */ = {
			isa = PBXFrameworksBuildPhase;
			buildActionMask = 2147483647;
			files = (
			);
			runOnlyForDeploymentPostprocessing = 0;
		};
/* End PBXFrameworksBuildPhase section */

/* Begin PBXGroup section */
		6672BE551A4A86600043E1D4 /* AFNetworking */ = {
			isa = PBXGroup;
			children = (
				6672BE561A4A86600043E1D4 /* AFHTTPRequestOperation.h */,
				6672BE571A4A86600043E1D4 /* AFHTTPRequestOperation.m */,
				6672BE581A4A86600043E1D4 /* AFHTTPRequestOperationManager.h */,
				6672BE591A4A86600043E1D4 /* AFHTTPRequestOperationManager.m */,
				6672BE5A1A4A86600043E1D4 /* AFHTTPSessionManager.h */,
				6672BE5B1A4A86600043E1D4 /* AFHTTPSessionManager.m */,
				6672BE5C1A4A86600043E1D4 /* AFNetworking.h */,
				6672BE5D1A4A86600043E1D4 /* AFNetworkReachabilityManager.h */,
				6672BE5E1A4A86600043E1D4 /* AFNetworkReachabilityManager.m */,
				6672BE5F1A4A86600043E1D4 /* AFSecurityPolicy.h */,
				6672BE601A4A86600043E1D4 /* AFSecurityPolicy.m */,
				6672BE611A4A86600043E1D4 /* AFURLConnectionOperation.h */,
				6672BE621A4A86600043E1D4 /* AFURLConnectionOperation.m */,
				6672BE631A4A86600043E1D4 /* AFURLRequestSerialization.h */,
				6672BE641A4A86600043E1D4 /* AFURLRequestSerialization.m */,
				6672BE651A4A86600043E1D4 /* AFURLResponseSerialization.h */,
				6672BE661A4A86600043E1D4 /* AFURLResponseSerialization.m */,
				6672BE671A4A86600043E1D4 /* AFURLSessionManager.h */,
				6672BE681A4A86600043E1D4 /* AFURLSessionManager.m */,
			);
			path = AFNetworking;
			sourceTree = "<group>";
		};
		6672BE781A4AB98E0043E1D4 /* THUCloudNetworking */ = {
			isa = PBXGroup;
			children = (
				6672BE791A4AB9D40043E1D4 /* HttpService.h */,
				6672BE7A1A4AB9D40043E1D4 /* HttpService.m */,
			);
			name = THUCloudNetworking;
			sourceTree = "<group>";
		};
		6672BE7C1A4AC6BE0043E1D4 /* Model */ = {
			isa = PBXGroup;
			children = (
				6672BE7D1A4AC6D70043E1D4 /* THUCloudConfig.h */,
				6672BE7E1A4AC6D70043E1D4 /* THUCloudConfig.m */,
				66EDB2D41A698D3800D23F02 /* THUCloudUtils.h */,
				66EDB2D51A698D3800D23F02 /* THUCloudUtils.m */,
			);
			name = Model;
			sourceTree = "<group>";
		};
		6672BE821A4B1A100043E1D4 /* Controller */ = {
			isa = PBXGroup;
			children = (
				66D4DAF61A31C1DC00A33968 /* LoginViewController.h */,
				66D4DAF71A31C1DC00A33968 /* LoginViewController.m */,
				6672BE831A4B1A370043E1D4 /* FileListViewController.h */,
				6672BE841A4B1A370043E1D4 /* FileListViewController.m */,
				66C468411A4B4295003A8381 /* TabManageViewController.h */,
				66C468421A4B4295003A8381 /* TabManageViewController.m */,
				66C468441A4B4CBA003A8381 /* UserCenterViewController.h */,
				66C468451A4B4CBA003A8381 /* UserCenterViewController.m */,
				664FB18D1A5A406B00D44B9E /* SortViewController.h */,
				664FB18E1A5A406B00D44B9E /* SortViewController.m */,
				66EDB2C91A67B75700D23F02 /* RootNavigationController.h */,
				66EDB2CA1A67B75700D23F02 /* RootNavigationController.m */,
				66EDB2D11A68FB5D00D23F02 /* RegisterViewController.h */,
				66EDB2D21A68FB5D00D23F02 /* RegisterViewController.m */,
				66EDB2DB1A6A799D00D23F02 /* LocalFileListViewController.h */,
				66EDB2DC1A6A799D00D23F02 /* LocalFileListViewController.m */,
			);
			name = Controller;
			sourceTree = "<group>";
		};
		66B07F391A4DB043001C80B6 /* HPPLE */ = {
			isa = PBXGroup;
			children = (
				66B07F3A1A4DB043001C80B6 /* TFHpple.h */,
				66B07F3B1A4DB043001C80B6 /* TFHpple.m */,
				66B07F3C1A4DB043001C80B6 /* TFHppleElement.h */,
				66B07F3D1A4DB043001C80B6 /* TFHppleElement.m */,
				66B07F3E1A4DB043001C80B6 /* XPathQuery.h */,
				66B07F3F1A4DB043001C80B6 /* XPathQuery.m */,
			);
			path = HPPLE;
			sourceTree = "<group>";
		};
		66B07F431A4EBD02001C80B6 /* Cell */ = {
			isa = PBXGroup;
			children = (
				66B07F441A4EBD32001C80B6 /* FileListTableViewCell.h */,
				66B07F451A4EBD32001C80B6 /* FileListTableViewCell.m */,
			);
			name = Cell;
			sourceTree = "<group>";
		};
		66D4DAE31A31C1DC00A33968 = {
			isa = PBXGroup;
			children = (
				66B07F371A4DAE5A001C80B6 /* libxml2.dylib */,
				6672BE801A4AC8850043E1D4 /* libxml2.2.dylib */,
				6672BE761A4A87710043E1D4 /* SystemConfiguration.framework */,
				6672BE741A4A87640043E1D4 /* MobileCoreServices.framework */,
				6672BE721A4A87550043E1D4 /* Security.framework */,
				66D4DAEE1A31C1DC00A33968 /* THUCloud */,
				66D4DB081A31C1DC00A33968 /* THUCloudTests */,
				66D4DAED1A31C1DC00A33968 /* Products */,
			);
			sourceTree = "<group>";
		};
		66D4DAED1A31C1DC00A33968 /* Products */ = {
			isa = PBXGroup;
			children = (
				66D4DAEC1A31C1DC00A33968 /* THUCloud.app */,
				66D4DB051A31C1DC00A33968 /* THUCloudTests.xctest */,
			);
			name = Products;
			sourceTree = "<group>";
		};
		66D4DAEE1A31C1DC00A33968 /* THUCloud */ = {
			isa = PBXGroup;
			children = (
				66EDB2CC1A67FEC700D23F02 /* 3rd */,
				66B07F431A4EBD02001C80B6 /* Cell */,
				6672BE821A4B1A100043E1D4 /* Controller */,
				6672BE7C1A4AC6BE0043E1D4 /* Model */,
				6672BE781A4AB98E0043E1D4 /* THUCloudNetworking */,
				66D4DAF31A31C1DC00A33968 /* AppDelegate.h */,
				66D4DAF41A31C1DC00A33968 /* AppDelegate.m */,
				66D4DAF91A31C1DC00A33968 /* Main.storyboard */,
				66D4DAFC1A31C1DC00A33968 /* Images.xcassets */,
				66D4DAFE1A31C1DC00A33968 /* LaunchScreen.xib */,
				66D4DAEF1A31C1DC00A33968 /* Supporting Files */,
			);
			path = THUCloud;
			sourceTree = "<group>";
		};
		66D4DAEF1A31C1DC00A33968 /* Supporting Files */ = {
			isa = PBXGroup;
			children = (
				66D4DAF01A31C1DC00A33968 /* Info.plist */,
				66D4DAF11A31C1DC00A33968 /* main.m */,
			);
			name = "Supporting Files";
			sourceTree = "<group>";
		};
		66D4DB081A31C1DC00A33968 /* THUCloudTests */ = {
			isa = PBXGroup;
			children = (
				66D4DB0B1A31C1DC00A33968 /* THUCloudTests.m */,
				66D4DB091A31C1DC00A33968 /* Supporting Files */,
			);
			path = THUCloudTests;
			sourceTree = "<group>";
		};
		66D4DB091A31C1DC00A33968 /* Supporting Files */ = {
			isa = PBXGroup;
			children = (
				66D4DB0A1A31C1DC00A33968 /* Info.plist */,
			);
			name = "Supporting Files";
			sourceTree = "<group>";
		};
		66EDB2CC1A67FEC700D23F02 /* 3rd */ = {
			isa = PBXGroup;
			children = (
				6672BE551A4A86600043E1D4 /* AFNetworking */,
				66EDB2D71A6A2A3200D23F02 /* MBProgressHUD */,
				66EDB2CD1A68014B00D23F02 /* FXForms */,
				66B07F391A4DB043001C80B6 /* HPPLE */,
			);
			name = 3rd;
			sourceTree = "<group>";
		};
		66EDB2CD1A68014B00D23F02 /* FXForms */ = {
			isa = PBXGroup;
			children = (
				66EDB2CE1A68014B00D23F02 /* FXForms.h */,
				66EDB2CF1A68014B00D23F02 /* FXForms.m */,
			);
			path = FXForms;
			sourceTree = "<group>";
		};
		66EDB2D71A6A2A3200D23F02 /* MBProgressHUD */ = {
			isa = PBXGroup;
			children = (
				66EDB2D81A6A2A3200D23F02 /* MBProgressHUD.h */,
				66EDB2D91A6A2A3200D23F02 /* MBProgressHUD.m */,
			);
			path = MBProgressHUD;
			sourceTree = "<group>";
		};
/* End PBXGroup section */

/* Begin PBXNativeTarget section */
		66D4DAEB1A31C1DC00A33968 /* THUCloud */ = {
			isa = PBXNativeTarget;
			buildConfigurationList = 66D4DB0F1A31C1DC00A33968 /* Build configuration list for PBXNativeTarget "THUCloud" */;
			buildPhases = (
				66D4DAE81A31C1DC00A33968 /* Sources */,
				66D4DAE91A31C1DC00A33968 /* Frameworks */,
				66D4DAEA1A31C1DC00A33968 /* Resources */,
			);
			buildRules = (
			);
			dependencies = (
			);
			name = THUCloud;
			productName = THUCloud;
			productReference = 66D4DAEC1A31C1DC00A33968 /* THUCloud.app */;
			productType = "com.apple.product-type.application";
		};
		66D4DB041A31C1DC00A33968 /* THUCloudTests */ = {
			isa = PBXNativeTarget;
			buildConfigurationList = 66D4DB121A31C1DC00A33968 /* Build configuration list for PBXNativeTarget "THUCloudTests" */;
			buildPhases = (
				66D4DB011A31C1DC00A33968 /* Sources */,
				66D4DB021A31C1DC00A33968 /* Frameworks */,
				66D4DB031A31C1DC00A33968 /* Resources */,
			);
			buildRules = (
			);
			dependencies = (
				66D4DB071A31C1DC00A33968 /* PBXTargetDependency */,
			);
			name = THUCloudTests;
			productName = THUCloudTests;
			productReference = 66D4DB051A31C1DC00A33968 /* THUCloudTests.xctest */;
			productType = "com.apple.product-type.bundle.unit-test";
		};
/* End PBXNativeTarget section */

/* Begin PBXProject section */
		66D4DAE41A31C1DC00A33968 /* Project object */ = {
			isa = PBXProject;
			attributes = {
				LastUpgradeCheck = 0600;
				ORGANIZATIONNAME = WangChangxu;
				TargetAttributes = {
					66D4DAEB1A31C1DC00A33968 = {
						CreatedOnToolsVersion = 6.0.1;
					};
					66D4DB041A31C1DC00A33968 = {
						CreatedOnToolsVersion = 6.0.1;
						TestTargetID = 66D4DAEB1A31C1DC00A33968;
					};
				};
			};
			buildConfigurationList = 66D4DAE71A31C1DC00A33968 /* Build configuration list for PBXProject "THUCloud" */;
			compatibilityVersion = "Xcode 3.2";
			developmentRegion = English;
			hasScannedForEncodings = 0;
			knownRegions = (
				en,
				Base,
			);
			mainGroup = 66D4DAE31A31C1DC00A33968;
			productRefGroup = 66D4DAED1A31C1DC00A33968 /* Products */;
			projectDirPath = "";
			projectRoot = "";
			targets = (
				66D4DAEB1A31C1DC00A33968 /* THUCloud */,
				66D4DB041A31C1DC00A33968 /* THUCloudTests */,
			);
		};
/* End PBXProject section */

/* Begin PBXResourcesBuildPhase section */
		66D4DAEA1A31C1DC00A33968 /* Resources */ = {
			isa = PBXResourcesBuildPhase;
			buildActionMask = 2147483647;
			files = (
				66D4DAFB1A31C1DC00A33968 /* Main.storyboard in Resources */,
				66D4DB001A31C1DC00A33968 /* LaunchScreen.xib in Resources */,
				66D4DAFD1A31C1DC00A33968 /* Images.xcassets in Resources */,
			);
			runOnlyForDeploymentPostprocessing = 0;
		};
		66D4DB031A31C1DC00A33968 /* Resources */ = {
			isa = PBXResourcesBuildPhase;
			buildActionMask = 2147483647;
			files = (
			);
			runOnlyForDeploymentPostprocessing = 0;
		};
/* End PBXResourcesBuildPhase section */

/* Begin PBXSourcesBuildPhase section */
		66D4DAE81A31C1DC00A33968 /* Sources */ = {
			isa = PBXSourcesBuildPhase;
			buildActionMask = 2147483647;
			files = (
				66B07F411A4DB043001C80B6 /* TFHppleElement.m in Sources */,
				6672BE691A4A86600043E1D4 /* AFHTTPRequestOperation.m in Sources */,
				66B07F421A4DB043001C80B6 /* XPathQuery.m in Sources */,
				66D4DAF81A31C1DC00A33968 /* LoginViewController.m in Sources */,
				66B07F461A4EBD32001C80B6 /* FileListTableViewCell.m in Sources */,
				6672BE851A4B1A370043E1D4 /* FileListViewController.m in Sources */,
				66C468431A4B4295003A8381 /* TabManageViewController.m in Sources */,
				66EDB2D01A68014B00D23F02 /* FXForms.m in Sources */,
				6672BE6A1A4A86600043E1D4 /* AFHTTPRequestOperationManager.m in Sources */,
				6672BE6C1A4A86600043E1D4 /* AFNetworkReachabilityManager.m in Sources */,
				6672BE701A4A86600043E1D4 /* AFURLResponseSerialization.m in Sources */,
				66C468461A4B4CBA003A8381 /* UserCenterViewController.m in Sources */,
				6672BE6E1A4A86600043E1D4 /* AFURLConnectionOperation.m in Sources */,
				66EDB2DA1A6A2A3200D23F02 /* MBProgressHUD.m in Sources */,
				6672BE7B1A4AB9D40043E1D4 /* HttpService.m in Sources */,
				66EDB2CB1A67B75700D23F02 /* RootNavigationController.m in Sources */,
				66EDB2D31A68FB5D00D23F02 /* RegisterViewController.m in Sources */,
				6672BE6D1A4A86600043E1D4 /* AFSecurityPolicy.m in Sources */,
				66EDB2D61A698D3800D23F02 /* THUCloudUtils.m in Sources */,
				6672BE6B1A4A86600043E1D4 /* AFHTTPSessionManager.m in Sources */,
				6672BE6F1A4A86600043E1D4 /* AFURLRequestSerialization.m in Sources */,
				664FB18F1A5A406B00D44B9E /* SortViewController.m in Sources */,
				66EDB2DD1A6A799D00D23F02 /* LocalFileListViewController.m in Sources */,
				66B07F401A4DB043001C80B6 /* TFHpple.m in Sources */,
				6672BE711A4A86600043E1D4 /* AFURLSessionManager.m in Sources */,
				6672BE7F1A4AC6D70043E1D4 /* THUCloudConfig.m in Sources */,
				66D4DAF51A31C1DC00A33968 /* AppDelegate.m in Sources */,
				66D4DAF21A31C1DC00A33968 /* main.m in Sources */,
			);
			runOnlyForDeploymentPostprocessing = 0;
		};
		66D4DB011A31C1DC00A33968 /* Sources */ = {
			isa = PBXSourcesBuildPhase;
			buildActionMask = 2147483647;
			files = (
				66D4DB0C1A31C1DC00A33968 /* THUCloudTests.m in Sources */,
			);
			runOnlyForDeploymentPostprocessing = 0;
		};
/* End PBXSourcesBuildPhase section */

/* Begin PBXTargetDependency section */
		66D4DB071A31C1DC00A33968 /* PBXTargetDependency */ = {
			isa = PBXTargetDependency;
			target = 66D4DAEB1A31C1DC00A33968 /* THUCloud */;
			targetProxy = 66D4DB061A31C1DC00A33968 /* PBXContainerItemProxy */;
		};
/* End PBXTargetDependency section */

/* Begin PBXVariantGroup section */
		66D4DAF91A31C1DC00A33968 /* Main.storyboard */ = {
			isa = PBXVariantGroup;
			children = (
				66D4DAFA1A31C1DC00A33968 /* Base */,
			);
			name = Main.storyboard;
			sourceTree = "<group>";
		};
		66D4DAFE1A31C1DC00A33968 /* LaunchScreen.xib */ = {
			isa = PBXVariantGroup;
			children = (
				66D4DAFF1A31C1DC00A33968 /* Base */,
			);
			name = LaunchScreen.xib;
			sourceTree = "<group>";
		};
/* End PBXVariantGroup section */

/* Begin XCBuildConfiguration section */
		66D4DB0D1A31C1DC00A33968 /* Debug */ = {
			isa = XCBuildConfiguration;
			buildSettings = {
				ALWAYS_SEARCH_USER_PATHS = NO;
				CLANG_CXX_LANGUAGE_STANDARD = "gnu++0x";
				CLANG_CXX_LIBRARY = "libc++";
				CLANG_ENABLE_MODULES = YES;
				CLANG_ENABLE_OBJC_ARC = YES;
				CLANG_WARN_BOOL_CONVERSION = YES;
				CLANG_WARN_CONSTANT_CONVERSION = YES;
				CLANG_WARN_DIRECT_OBJC_ISA_USAGE = YES_ERROR;
				CLANG_WARN_EMPTY_BODY = YES;
				CLANG_WARN_ENUM_CONVERSION = YES;
				CLANG_WARN_INT_CONVERSION = YES;
				CLANG_WARN_OBJC_ROOT_CLASS = YES_ERROR;
				CLANG_WARN_UNREACHABLE_CODE = YES;
				CLANG_WARN__DUPLICATE_METHOD_MATCH = YES;
				"CODE_SIGN_IDENTITY[sdk=iphoneos*]" = "iPhone Developer";
				COPY_PHASE_STRIP = NO;
				ENABLE_STRICT_OBJC_MSGSEND = YES;
				GCC_C_LANGUAGE_STANDARD = gnu99;
				GCC_DYNAMIC_NO_PIC = NO;
				GCC_OPTIMIZATION_LEVEL = 0;
				GCC_PREPROCESSOR_DEFINITIONS = (
					"DEBUG=1",
					"$(inherited)",
				);
				GCC_SYMBOLS_PRIVATE_EXTERN = NO;
				GCC_WARN_64_TO_32_BIT_CONVERSION = YES;
				GCC_WARN_ABOUT_RETURN_TYPE = YES_ERROR;
				GCC_WARN_UNDECLARED_SELECTOR = YES;
				GCC_WARN_UNINITIALIZED_AUTOS = YES_AGGRESSIVE;
				GCC_WARN_UNUSED_FUNCTION = YES;
				GCC_WARN_UNUSED_VARIABLE = YES;
				IPHONEOS_DEPLOYMENT_TARGET = 8.0;
				MTL_ENABLE_DEBUG_INFO = YES;
				ONLY_ACTIVE_ARCH = YES;
				SDKROOT = iphoneos;
			};
			name = Debug;
		};
		66D4DB0E1A31C1DC00A33968 /* Release */ = {
			isa = XCBuildConfiguration;
			buildSettings = {
				ALWAYS_SEARCH_USER_PATHS = NO;
				CLANG_CXX_LANGUAGE_STANDARD = "gnu++0x";
				CLANG_CXX_LIBRARY = "libc++";
				CLANG_ENABLE_MODULES = YES;
				CLANG_ENABLE_OBJC_ARC = YES;
				CLANG_WARN_BOOL_CONVERSION = YES;
				CLANG_WARN_CONSTANT_CONVERSION = YES;
				CLANG_WARN_DIRECT_OBJC_ISA_USAGE = YES_ERROR;
				CLANG_WARN_EMPTY_BODY = YES;
				CLANG_WARN_ENUM_CONVERSION = YES;
				CLANG_WARN_INT_CONVERSION = YES;
				CLANG_WARN_OBJC_ROOT_CLASS = YES_ERROR;
				CLANG_WARN_UNREACHABLE_CODE = YES;
				CLANG_WARN__DUPLICATE_METHOD_MATCH = YES;
				"CODE_SIGN_IDENTITY[sdk=iphoneos*]" = "iPhone Developer";
				COPY_PHASE_STRIP = YES;
				ENABLE_NS_ASSERTIONS = NO;
				ENABLE_STRICT_OBJC_MSGSEND = YES;
				GCC_C_LANGUAGE_STANDARD = gnu99;
				GCC_WARN_64_TO_32_BIT_CONVERSION = YES;
				GCC_WARN_ABOUT_RETURN_TYPE = YES_ERROR;
				GCC_WARN_UNDECLARED_SELECTOR = YES;
				GCC_WARN_UNINITIALIZED_AUTOS = YES_AGGRESSIVE;
				GCC_WARN_UNUSED_FUNCTION = YES;
				GCC_WARN_UNUSED_VARIABLE = YES;
				IPHONEOS_DEPLOYMENT_TARGET = 8.0;
				MTL_ENABLE_DEBUG_INFO = NO;
				SDKROOT = iphoneos;
				VALIDATE_PRODUCT = YES;
			};
			name = Release;
		};
		66D4DB101A31C1DC00A33968 /* Debug */ = {
			isa = XCBuildConfiguration;
			buildSettings = {
				ASSETCATALOG_COMPILER_APPICON_NAME = AppIcon;
				"HEADER_SEARCH_PATHS[arch=*]" = /usr/include/libxml2;
				INFOPLIST_FILE = THUCloud/Info.plist;
				LD_RUNPATH_SEARCH_PATHS = "$(inherited) @executable_path/Frameworks";
				PRODUCT_NAME = "$(TARGET_NAME)";
			};
			name = Debug;
		};
		66D4DB111A31C1DC00A33968 /* Release */ = {
			isa = XCBuildConfiguration;
			buildSettings = {
				ASSETCATALOG_COMPILER_APPICON_NAME = AppIcon;
				"HEADER_SEARCH_PATHS[arch=*]" = "${SDKROOT}/usr/include/libxml2";
				INFOPLIST_FILE = THUCloud/Info.plist;
				LD_RUNPATH_SEARCH_PATHS = "$(inherited) @executable_path/Frameworks";
				PRODUCT_NAME = "$(TARGET_NAME)";
			};
			name = Release;
		};
		66D4DB131A31C1DC00A33968 /* Debug */ = {
			isa = XCBuildConfiguration;
			buildSettings = {
				BUNDLE_LOADER = "$(TEST_HOST)";
				FRAMEWORK_SEARCH_PATHS = (
					"$(SDKROOT)/Developer/Library/Frameworks",
					"$(inherited)",
				);
				GCC_PREPROCESSOR_DEFINITIONS = (
					"DEBUG=1",
					"$(inherited)",
				);
				INFOPLIST_FILE = THUCloudTests/Info.plist;
				LD_RUNPATH_SEARCH_PATHS = "$(inherited) @executable_path/Frameworks @loader_path/Frameworks";
				PRODUCT_NAME = "$(TARGET_NAME)";
				TEST_HOST = "$(BUILT_PRODUCTS_DIR)/THUCloud.app/THUCloud";
			};
			name = Debug;
		};
		66D4DB141A31C1DC00A33968 /* Release */ = {
			isa = XCBuildConfiguration;
			buildSettings = {
				BUNDLE_LOADER = "$(TEST_HOST)";
				FRAMEWORK_SEARCH_PATHS = (
					"$(SDKROOT)/Developer/Library/Frameworks",
					"$(inherited)",
				);
				INFOPLIST_FILE = THUCloudTests/Info.plist;
				LD_RUNPATH_SEARCH_PATHS = "$(inherited) @executable_path/Frameworks @loader_path/Frameworks";
				PRODUCT_NAME = "$(TARGET_NAME)";
				TEST_HOST = "$(BUILT_PRODUCTS_DIR)/THUCloud.app/THUCloud";
			};
			name = Release;
		};
/* End XCBuildConfiguration section */

/* Begin XCConfigurationList section */
		66D4DAE71A31C1DC00A33968 /* Build configuration list for PBXProject "THUCloud" */ = {
			isa = XCConfigurationList;
			buildConfigurations = (
				66D4DB0D1A31C1DC00A33968 /* Debug */,
				66D4DB0E1A31C1DC00A33968 /* Release */,
			);
			defaultConfigurationIsVisible = 0;
			defaultConfigurationName = Release;
		};
		66D4DB0F1A31C1DC00A33968 /* Build configuration list for PBXNativeTarget "THUCloud" */ = {
			isa = XCConfigurationList;
			buildConfigurations = (
				66D4DB101A31C1DC00A33968 /* Debug */,
				66D4DB111A31C1DC00A33968 /* Release */,
			);
			defaultConfigurationIsVisible = 0;
			defaultConfigurationName = Release;
		};
		66D4DB121A31C1DC00A33968 /* Build configuration list for PBXNativeTarget "THUCloudTests" */ = {
			isa = XCConfigurationList;
			buildConfigurations = (
				66D4DB131A31C1DC00A33968 /* Debug */,
				66D4DB141A31C1DC00A33968 /* Release */,
			);
			defaultConfigurationIsVisible = 0;
			defaultConfigurationName = Release;
		};
/* End XCConfigurationList section */
	};
	rootObject = 66D4DAE41A31C1DC00A33968 /* Project object */;
}
